// !$*UTF8*$!
{
	archiveVersion = 1;
	classes = {
	};
	objectVersion = 56;
	objects = {

/* Begin PBXBuildFile section */
		1CDD02AD2B3429A700502C04 /* Cafe24Ssurround.ttf in Resources */ = {isa = PBXBuildFile; fileRef = 1CDD02AB2B3429A700502C04 /* Cafe24Ssurround.ttf */; };
		1CDD02AE2B3429A700502C04 /* Cafe24SsurroundAir.ttf in Resources */ = {isa = PBXBuildFile; fileRef = 1CDD02AC2B3429A700502C04 /* Cafe24SsurroundAir.ttf */; };
		1CDD02B02B342A4100502C04 /* Typography.swift in Sources */ = {isa = PBXBuildFile; fileRef = 1CDD02AF2B342A4100502C04 /* Typography.swift */; };
		1CDD02B22B342BBC00502C04 /* BackgroundColor.swift in Sources */ = {isa = PBXBuildFile; fileRef = 1CDD02B12B342BBC00502C04 /* BackgroundColor.swift */; };
		1CDD02B42B342C7D00502C04 /* TextManager.swift in Sources */ = {isa = PBXBuildFile; fileRef = 1CDD02B32B342C7D00502C04 /* TextManager.swift */; };
		1CEA337C2B335D440080EEEF /* AppDelegate.swift in Sources */ = {isa = PBXBuildFile; fileRef = 1CEA337B2B335D440080EEEF /* AppDelegate.swift */; };
		1CEA337E2B335D440080EEEF /* SceneDelegate.swift in Sources */ = {isa = PBXBuildFile; fileRef = 1CEA337D2B335D440080EEEF /* SceneDelegate.swift */; };
		1CEA33802B335D440080EEEF /* ViewController.swift in Sources */ = {isa = PBXBuildFile; fileRef = 1CEA337F2B335D440080EEEF /* ViewController.swift */; };
		1CEA33832B335D440080EEEF /* Main.storyboard in Resources */ = {isa = PBXBuildFile; fileRef = 1CEA33812B335D440080EEEF /* Main.storyboard */; };
		1CEA33852B335D450080EEEF /* Assets.xcassets in Resources */ = {isa = PBXBuildFile; fileRef = 1CEA33842B335D450080EEEF /* Assets.xcassets */; };
		1CEA33882B335D450080EEEF /* LaunchScreen.storyboard in Resources */ = {isa = PBXBuildFile; fileRef = 1CEA33862B335D450080EEEF /* LaunchScreen.storyboard */; };
/* End PBXBuildFile section */

/* Begin PBXFileReference section */
		1CDD02AB2B3429A700502C04 /* Cafe24Ssurround.ttf */ = {isa = PBXFileReference; lastKnownFileType = file; path = Cafe24Ssurround.ttf; sourceTree = "<group>"; };
		1CDD02AC2B3429A700502C04 /* Cafe24SsurroundAir.ttf */ = {isa = PBXFileReference; lastKnownFileType = file; path = Cafe24SsurroundAir.ttf; sourceTree = "<group>"; };
		1CDD02AF2B342A4100502C04 /* Typography.swift */ = {isa = PBXFileReference; lastKnownFileType = sourcecode.swift; path = Typography.swift; sourceTree = "<group>"; };
		1CDD02B12B342BBC00502C04 /* BackgroundColor.swift */ = {isa = PBXFileReference; lastKnownFileType = sourcecode.swift; path = BackgroundColor.swift; sourceTree = "<group>"; };
		1CDD02B32B342C7D00502C04 /* TextManager.swift */ = {isa = PBXFileReference; lastKnownFileType = sourcecode.swift; path = TextManager.swift; sourceTree = "<group>"; };
		1CEA33782B335D440080EEEF /* shareToday-iOS.app */ = {isa = PBXFileReference; explicitFileType = wrapper.application; includeInIndex = 0; path = "shareToday-iOS.app"; sourceTree = BUILT_PRODUCTS_DIR; };
		1CEA337B2B335D440080EEEF /* AppDelegate.swift */ = {isa = PBXFileReference; lastKnownFileType = sourcecode.swift; path = AppDelegate.swift; sourceTree = "<group>"; };
		1CEA337D2B335D440080EEEF /* SceneDelegate.swift */ = {isa = PBXFileReference; lastKnownFileType = sourcecode.swift; path = SceneDelegate.swift; sourceTree = "<group>"; };
		1CEA337F2B335D440080EEEF /* ViewController.swift */ = {isa = PBXFileReference; lastKnownFileType = sourcecode.swift; path = ViewController.swift; sourceTree = "<group>"; };
		1CEA33822B335D440080EEEF /* Base */ = {isa = PBXFileReference; lastKnownFileType = file.storyboard; name = Base; path = Base.lproj/Main.storyboard; sourceTree = "<group>"; };
		1CEA33842B335D450080EEEF /* Assets.xcassets */ = {isa = PBXFileReference; lastKnownFileType = folder.assetcatalog; path = Assets.xcassets; sourceTree = "<group>"; };
		1CEA33872B335D450080EEEF /* Base */ = {isa = PBXFileReference; lastKnownFileType = file.storyboard; name = Base; path = Base.lproj/LaunchScreen.storyboard; sourceTree = "<group>"; };
		1CEA33892B335D450080EEEF /* Info.plist */ = {isa = PBXFileReference; lastKnownFileType = text.plist.xml; path = Info.plist; sourceTree = "<group>"; };
/* End PBXFileReference section */

/* Begin PBXFrameworksBuildPhase section */
		1CEA33752B335D440080EEEF /* Frameworks */ = {
			isa = PBXFrameworksBuildPhase;
			buildActionMask = 2147483647;
			files = (
			);
			runOnlyForDeploymentPostprocessing = 0;
		};
/* End PBXFrameworksBuildPhase section */

/* Begin PBXGroup section */
		1CDD029C2B34238300502C04 /* DesignSystem */ = {
			isa = PBXGroup;
			children = (
				1CDD029D2B3423C400502C04 /* Font */,
				1CDD02AA2B3428BF00502C04 /* Values */,
			);
			path = DesignSystem;
			sourceTree = "<group>";
		};
		1CDD029D2B3423C400502C04 /* Font */ = {
			isa = PBXGroup;
			children = (
				1CDD02AB2B3429A700502C04 /* Cafe24Ssurround.ttf */,
				1CDD02AC2B3429A700502C04 /* Cafe24SsurroundAir.ttf */,
			);
			path = Font;
			sourceTree = "<group>";
		};
		1CDD02AA2B3428BF00502C04 /* Values */ = {
			isa = PBXGroup;
			children = (
				1CDD02AF2B342A4100502C04 /* Typography.swift */,
				1CDD02B12B342BBC00502C04 /* BackgroundColor.swift */,
				1CDD02B32B342C7D00502C04 /* TextManager.swift */,
			);
			path = Values;
			sourceTree = "<group>";
		};
		1CDD02B52B342E0100502C04 /* Presentation */ = {
			isa = PBXGroup;
			children = (
				1CDD02B72B342E2700502C04 /* Auth */,
			);
			path = Presentation;
			sourceTree = "<group>";
		};
		1CDD02B72B342E2700502C04 /* Auth */ = {
			isa = PBXGroup;
			children = (
			);
			path = Auth;
			sourceTree = "<group>";
		};
		1CEA336F2B335D440080EEEF = {
			isa = PBXGroup;
			children = (
				1CEA337A2B335D440080EEEF /* shareToday-iOS */,
				1CEA33792B335D440080EEEF /* Products */,
			);
			sourceTree = "<group>";
		};
		1CEA33792B335D440080EEEF /* Products */ = {
			isa = PBXGroup;
			children = (
				1CEA33782B335D440080EEEF /* shareToday-iOS.app */,
			);
			name = Products;
			sourceTree = "<group>";
		};
		1CEA337A2B335D440080EEEF /* shareToday-iOS */ = {
			isa = PBXGroup;
			children = (
				1CDD02B52B342E0100502C04 /* Presentation */,
				1CDD029C2B34238300502C04 /* DesignSystem */,
				1CEA337B2B335D440080EEEF /* AppDelegate.swift */,
				1CEA337D2B335D440080EEEF /* SceneDelegate.swift */,
				1CEA337F2B335D440080EEEF /* ViewController.swift */,
				1CEA33812B335D440080EEEF /* Main.storyboard */,
				1CEA33842B335D450080EEEF /* Assets.xcassets */,
				1CEA33862B335D450080EEEF /* LaunchScreen.storyboard */,
				1CEA33892B335D450080EEEF /* Info.plist */,
			);
			path = "shareToday-iOS";
			sourceTree = "<group>";
		};
/* End PBXGroup section */

/* Begin PBXNativeTarget section */
		1CEA33772B335D440080EEEF /* shareToday-iOS */ = {
			isa = PBXNativeTarget;
			buildConfigurationList = 1CEA338C2B335D450080EEEF /* Build configuration list for PBXNativeTarget "shareToday-iOS" */;
			buildPhases = (
				1CEA33742B335D440080EEEF /* Sources */,
				1CEA33752B335D440080EEEF /* Frameworks */,
				1CEA33762B335D440080EEEF /* Resources */,
			);
			buildRules = (
			);
			dependencies = (
			);
			name = "shareToday-iOS";
			productName = "shareToday-iOS";
			productReference = 1CEA33782B335D440080EEEF /* shareToday-iOS.app */;
			productType = "com.apple.product-type.application";
		};
/* End PBXNativeTarget section */

/* Begin PBXProject section */
		1CEA33702B335D440080EEEF /* Project object */ = {
			isa = PBXProject;
			attributes = {
				BuildIndependentTargetsInParallel = 1;
				LastSwiftUpdateCheck = 1500;
				LastUpgradeCheck = 1500;
				TargetAttributes = {
					1CEA33772B335D440080EEEF = {
						CreatedOnToolsVersion = 15.0.1;
					};
				};
			};
			buildConfigurationList = 1CEA33732B335D440080EEEF /* Build configuration list for PBXProject "shareToday-iOS" */;
			compatibilityVersion = "Xcode 14.0";
			developmentRegion = en;
			hasScannedForEncodings = 0;
			knownRegions = (
				en,
				Base,
			);
			mainGroup = 1CEA336F2B335D440080EEEF;
			productRefGroup = 1CEA33792B335D440080EEEF /* Products */;
			projectDirPath = "";
			projectRoot = "";
			targets = (
				1CEA33772B335D440080EEEF /* shareToday-iOS */,
			);
		};
/* End PBXProject section */

/* Begin PBXResourcesBuildPhase section */
		1CEA33762B335D440080EEEF /* Resources */ = {
			isa = PBXResourcesBuildPhase;
			buildActionMask = 2147483647;
			files = (
				1CEA33882B335D450080EEEF /* LaunchScreen.storyboard in Resources */,
				1CDD02AD2B3429A700502C04 /* Cafe24Ssurround.ttf in Resources */,
				1CDD02AE2B3429A700502C04 /* Cafe24SsurroundAir.ttf in Resources */,
				1CEA33852B335D450080EEEF /* Assets.xcassets in Resources */,
				1CEA33832B335D440080EEEF /* Main.storyboard in Resources */,
			);
			runOnlyForDeploymentPostprocessing = 0;
		};
/* End PBXResourcesBuildPhase section */

/* Begin PBXSourcesBuildPhase section */
		1CEA33742B335D440080EEEF /* Sources */ = {
			isa = PBXSourcesBuildPhase;
			buildActionMask = 2147483647;
			files = (
				1CEA33802B335D440080EEEF /* ViewController.swift in Sources */,
				1CEA337C2B335D440080EEEF /* AppDelegate.swift in Sources */,
				1CDD02B42B342C7D00502C04 /* TextManager.swift in Sources */,
				1CDD02B22B342BBC00502C04 /* BackgroundColor.swift in Sources */,
				1CDD02B02B342A4100502C04 /* Typography.swift in Sources */,
				1CEA337E2B335D440080EEEF /* SceneDelegate.swift in Sources */,
			);
			runOnlyForDeploymentPostprocessing = 0;
		};
/* End PBXSourcesBuildPhase section */

/* Begin PBXVariantGroup section */
		1CEA33812B335D440080EEEF /* Main.storyboard */ = {
			isa = PBXVariantGroup;
			children = (
				1CEA33822B335D440080EEEF /* Base */,
			);
			name = Main.storyboard;
			sourceTree = "<group>";
		};
		1CEA33862B335D450080EEEF /* LaunchScreen.storyboard */ = {
			isa = PBXVariantGroup;
			children = (
				1CEA33872B335D450080EEEF /* Base */,
			);
			name = LaunchScreen.storyboard;
			sourceTree = "<group>";
		};
/* End PBXVariantGroup section */

/* Begin XCBuildConfiguration section */
		1CEA338A2B335D450080EEEF /* Debug */ = {
			isa = XCBuildConfiguration;
			buildSettings = {
				ALWAYS_SEARCH_USER_PATHS = NO;
				ASSETCATALOG_COMPILER_GENERATE_SWIFT_ASSET_SYMBOL_EXTENSIONS = YES;
				CLANG_ANALYZER_NONNULL = YES;
				CLANG_ANALYZER_NUMBER_OBJECT_CONVERSION = YES_AGGRESSIVE;
				CLANG_CXX_LANGUAGE_STANDARD = "gnu++20";
				CLANG_ENABLE_MODULES = YES;
				CLANG_ENABLE_OBJC_ARC = YES;
				CLANG_ENABLE_OBJC_WEAK = YES;
				CLANG_WARN_BLOCK_CAPTURE_AUTORELEASING = YES;
				CLANG_WARN_BOOL_CONVERSION = YES;
				CLANG_WARN_COMMA = YES;
				CLANG_WARN_CONSTANT_CONVERSION = YES;
				CLANG_WARN_DEPRECATED_OBJC_IMPLEMENTATIONS = YES;
				CLANG_WARN_DIRECT_OBJC_ISA_USAGE = YES_ERROR;
				CLANG_WARN_DOCUMENTATION_COMMENTS = YES;
				CLANG_WARN_EMPTY_BODY = YES;
				CLANG_WARN_ENUM_CONVERSION = YES;
				CLANG_WARN_INFINITE_RECURSION = YES;
				CLANG_WARN_INT_CONVERSION = YES;
				CLANG_WARN_NON_LITERAL_NULL_CONVERSION = YES;
				CLANG_WARN_OBJC_IMPLICIT_RETAIN_SELF = YES;
				CLANG_WARN_OBJC_LITERAL_CONVERSION = YES;
				CLANG_WARN_OBJC_ROOT_CLASS = YES_ERROR;
				CLANG_WARN_QUOTED_INCLUDE_IN_FRAMEWORK_HEADER = YES;
				CLANG_WARN_RANGE_LOOP_ANALYSIS = YES;
				CLANG_WARN_STRICT_PROTOTYPES = YES;
				CLANG_WARN_SUSPICIOUS_MOVE = YES;
				CLANG_WARN_UNGUARDED_AVAILABILITY = YES_AGGRESSIVE;
				CLANG_WARN_UNREACHABLE_CODE = YES;
				CLANG_WARN__DUPLICATE_METHOD_MATCH = YES;
				COPY_PHASE_STRIP = NO;
				DEBUG_INFORMATION_FORMAT = dwarf;
				ENABLE_STRICT_OBJC_MSGSEND = YES;
				ENABLE_TESTABILITY = YES;
				ENABLE_USER_SCRIPT_SANDBOXING = YES;
				GCC_C_LANGUAGE_STANDARD = gnu17;
				GCC_DYNAMIC_NO_PIC = NO;
				GCC_NO_COMMON_BLOCKS = YES;
				GCC_OPTIMIZATION_LEVEL = 0;
				GCC_PREPROCESSOR_DEFINITIONS = (
					"DEBUG=1",
					"$(inherited)",
				);
				GCC_WARN_64_TO_32_BIT_CONVERSION = YES;
				GCC_WARN_ABOUT_RETURN_TYPE = YES_ERROR;
				GCC_WARN_UNDECLARED_SELECTOR = YES;
				GCC_WARN_UNINITIALIZED_AUTOS = YES_AGGRESSIVE;
				GCC_WARN_UNUSED_FUNCTION = YES;
				GCC_WARN_UNUSED_VARIABLE = YES;
				IPHONEOS_DEPLOYMENT_TARGET = 17.0;
				LOCALIZATION_PREFERS_STRING_CATALOGS = YES;
				MTL_ENABLE_DEBUG_INFO = INCLUDE_SOURCE;
				MTL_FAST_MATH = YES;
				ONLY_ACTIVE_ARCH = YES;
				SDKROOT = iphoneos;
				SWIFT_ACTIVE_COMPILATION_CONDITIONS = "DEBUG $(inherited)";
				SWIFT_OPTIMIZATION_LEVEL = "-Onone";
			};
			name = Debug;
		};
		1CEA338B2B335D450080EEEF /* Release */ = {
			isa = XCBuildConfiguration;
			buildSettings = {
				ALWAYS_SEARCH_USER_PATHS = NO;
				ASSETCATALOG_COMPILER_GENERATE_SWIFT_ASSET_SYMBOL_EXTENSIONS = YES;
				CLANG_ANALYZER_NONNULL = YES;
				CLANG_ANALYZER_NUMBER_OBJECT_CONVERSION = YES_AGGRESSIVE;
				CLANG_CXX_LANGUAGE_STANDARD = "gnu++20";
				CLANG_ENABLE_MODULES = YES;
				CLANG_ENABLE_OBJC_ARC = YES;
				CLANG_ENABLE_OBJC_WEAK = YES;
				CLANG_WARN_BLOCK_CAPTURE_AUTORELEASING = YES;
				CLANG_WARN_BOOL_CONVERSION = YES;
				CLANG_WARN_COMMA = YES;
				CLANG_WARN_CONSTANT_CONVERSION = YES;
				CLANG_WARN_DEPRECATED_OBJC_IMPLEMENTATIONS = YES;
				CLANG_WARN_DIRECT_OBJC_ISA_USAGE = YES_ERROR;
				CLANG_WARN_DOCUMENTATION_COMMENTS = YES;
				CLANG_WARN_EMPTY_BODY = YES;
				CLANG_WARN_ENUM_CONVERSION = YES;
				CLANG_WARN_INFINITE_RECURSION = YES;
				CLANG_WARN_INT_CONVERSION = YES;
				CLANG_WARN_NON_LITERAL_NULL_CONVERSION = YES;
				CLANG_WARN_OBJC_IMPLICIT_RETAIN_SELF = YES;
				CLANG_WARN_OBJC_LITERAL_CONVERSION = YES;
				CLANG_WARN_OBJC_ROOT_CLASS = YES_ERROR;
				CLANG_WARN_QUOTED_INCLUDE_IN_FRAMEWORK_HEADER = YES;
				CLANG_WARN_RANGE_LOOP_ANALYSIS = YES;
				CLANG_WARN_STRICT_PROTOTYPES = YES;
				CLANG_WARN_SUSPICIOUS_MOVE = YES;
				CLANG_WARN_UNGUARDED_AVAILABILITY = YES_AGGRESSIVE;
				CLANG_WARN_UNREACHABLE_CODE = YES;
				CLANG_WARN__DUPLICATE_METHOD_MATCH = YES;
				COPY_PHASE_STRIP = NO;
				DEBUG_INFORMATION_FORMAT = "dwarf-with-dsym";
				ENABLE_NS_ASSERTIONS = NO;
				ENABLE_STRICT_OBJC_MSGSEND = YES;
				ENABLE_USER_SCRIPT_SANDBOXING = YES;
				GCC_C_LANGUAGE_STANDARD = gnu17;
				GCC_NO_COMMON_BLOCKS = YES;
				GCC_WARN_64_TO_32_BIT_CONVERSION = YES;
				GCC_WARN_ABOUT_RETURN_TYPE = YES_ERROR;
				GCC_WARN_UNDECLARED_SELECTOR = YES;
				GCC_WARN_UNINITIALIZED_AUTOS = YES_AGGRESSIVE;
				GCC_WARN_UNUSED_FUNCTION = YES;
				GCC_WARN_UNUSED_VARIABLE = YES;
				IPHONEOS_DEPLOYMENT_TARGET = 17.0;
				LOCALIZATION_PREFERS_STRING_CATALOGS = YES;
				MTL_ENABLE_DEBUG_INFO = NO;
				MTL_FAST_MATH = YES;
				SDKROOT = iphoneos;
				SWIFT_COMPILATION_MODE = wholemodule;
				VALIDATE_PRODUCT = YES;
			};
			name = Release;
		};
		1CEA338D2B335D450080EEEF /* Debug */ = {
			isa = XCBuildConfiguration;
			buildSettings = {
				ASSETCATALOG_COMPILER_APPICON_NAME = AppIcon;
				ASSETCATALOG_COMPILER_GLOBAL_ACCENT_COLOR_NAME = AccentColor;
				CODE_SIGN_STYLE = Automatic;
				CURRENT_PROJECT_VERSION = 1;
				DEVELOPMENT_TEAM = XBK9RNRMN8;
				GENERATE_INFOPLIST_FILE = YES;
				INFOPLIST_FILE = "shareToday-iOS/Info.plist";
				INFOPLIST_KEY_UIApplicationSupportsIndirectInputEvents = YES;
				INFOPLIST_KEY_UILaunchStoryboardName = LaunchScreen;
				INFOPLIST_KEY_UIMainStoryboardFile = Main;
				INFOPLIST_KEY_UISupportedInterfaceOrientations_iPad = "UIInterfaceOrientationPortrait UIInterfaceOrientationPortraitUpsideDown UIInterfaceOrientationLandscapeLeft UIInterfaceOrientationLandscapeRight";
				INFOPLIST_KEY_UISupportedInterfaceOrientations_iPhone = "UIInterfaceOrientationPortrait UIInterfaceOrientationLandscapeLeft UIInterfaceOrientationLandscapeRight";
				LD_RUNPATH_SEARCH_PATHS = (
					"$(inherited)",
					"@executable_path/Frameworks",
				);
				MARKETING_VERSION = 1.0;
				PRODUCT_BUNDLE_IDENTIFIER = "hyeri.shareToday-iOS";
				PRODUCT_NAME = "$(TARGET_NAME)";
				SWIFT_EMIT_LOC_STRINGS = YES;
				SWIFT_VERSION = 5.0;
				TARGETED_DEVICE_FAMILY = "1,2";
			};
			name = Debug;
		};
		1CEA338E2B335D450080EEEF /* Release */ = {
			isa = XCBuildConfiguration;
			buildSettings = {
				ASSETCATALOG_COMPILER_APPICON_NAME = AppIcon;
				ASSETCATALOG_COMPILER_GLOBAL_ACCENT_COLOR_NAME = AccentColor;
				CODE_SIGN_STYLE = Automatic;
				CURRENT_PROJECT_VERSION = 1;
				DEVELOPMENT_TEAM = XBK9RNRMN8;
				GENERATE_INFOPLIST_FILE = YES;
				INFOPLIST_FILE = "shareToday-iOS/Info.plist";
				INFOPLIST_KEY_UIApplicationSupportsIndirectInputEvents = YES;
				INFOPLIST_KEY_UILaunchStoryboardName = LaunchScreen;
				INFOPLIST_KEY_UIMainStoryboardFile = Main;
				INFOPLIST_KEY_UISupportedInterfaceOrientations_iPad = "UIInterfaceOrientationPortrait UIInterfaceOrientationPortraitUpsideDown UIInterfaceOrientationLandscapeLeft UIInterfaceOrientationLandscapeRight";
				INFOPLIST_KEY_UISupportedInterfaceOrientations_iPhone = "UIInterfaceOrientationPortrait UIInterfaceOrientationLandscapeLeft UIInterfaceOrientationLandscapeRight";
				LD_RUNPATH_SEARCH_PATHS = (
					"$(inherited)",
					"@executable_path/Frameworks",
				);
				MARKETING_VERSION = 1.0;
				PRODUCT_BUNDLE_IDENTIFIER = "hyeri.shareToday-iOS";
				PRODUCT_NAME = "$(TARGET_NAME)";
				SWIFT_EMIT_LOC_STRINGS = YES;
				SWIFT_VERSION = 5.0;
				TARGETED_DEVICE_FAMILY = "1,2";
			};
			name = Release;
		};
/* End XCBuildConfiguration section */

/* Begin XCConfigurationList section */
		1CEA33732B335D440080EEEF /* Build configuration list for PBXProject "shareToday-iOS" */ = {
			isa = XCConfigurationList;
			buildConfigurations = (
				1CEA338A2B335D450080EEEF /* Debug */,
				1CEA338B2B335D450080EEEF /* Release */,
			);
			defaultConfigurationIsVisible = 0;
			defaultConfigurationName = Release;
		};
		1CEA338C2B335D450080EEEF /* Build configuration list for PBXNativeTarget "shareToday-iOS" */ = {
			isa = XCConfigurationList;
			buildConfigurations = (
				1CEA338D2B335D450080EEEF /* Debug */,
				1CEA338E2B335D450080EEEF /* Release */,
			);
			defaultConfigurationIsVisible = 0;
			defaultConfigurationName = Release;
		};
/* End XCConfigurationList section */
	};
	rootObject = 1CEA33702B335D440080EEEF /* Project object */;
}
